hash: 0649b47a3c6610a128376e34750a17632a617a5ef7d311d73ce2e259bb5beb53
updated: 2017-09-07T18:52:49.189782748-04:00
imports:
- name: github.com/dustin/go-humanize
  version: 259d2a102b871d17f30e3cd9881a642961a1e486
- name: github.com/go-chi/chi
  version: 04ec7fc4179604b2390947258f9143eaae23b596
- name: github.com/jmoiron/sqlx
  version: d9bd385d68c068f1fabb5057e3dedcbcbb039d0f
- name: github.com/lib/pq
  version: 8837942c3e09574accbc5f150e2c5e057189cace
- name: github.com/mattes/migrate
  version: 035c07716cd373d88456ec4d701402df52584cb4
  subpackages:
  - database/postgres
  - source/file
- name: github.com/nfnt/resize
  version: 891127d8d1b52734debe1b3c3d7e747502b6c366
- name: github.com/rwcarlsen/goexif
  version: 709fab3d192d7c62f86043caff1e7e3fb0f42bd8
  subpackages:
  - exif
testImports:
- name: github.com/stretchr/testify
  version: ""
  subpackages:
  - assert
- name: gopkg.in/DATA-DOG/go-sqlmock.v1
  version: ""
